// !$*UTF8*$!
{
	archiveVersion = 1;
	classes = {
	};
	objectVersion = 55;
	objects = {

/* Begin PBXBuildFile section */
		7015AB3F28A51B4800FC2754 /* AppDelegate.swift in Sources */ = {isa = PBXBuildFile; fileRef = 7015AB3E28A51B4800FC2754 /* AppDelegate.swift */; };
		7015AB4128A51B4800FC2754 /* SceneDelegate.swift in Sources */ = {isa = PBXBuildFile; fileRef = 7015AB4028A51B4800FC2754 /* SceneDelegate.swift */; };
		7015AB4328A51B4800FC2754 /* FirstViewController.swift in Sources */ = {isa = PBXBuildFile; fileRef = 7015AB4228A51B4800FC2754 /* FirstViewController.swift */; };
		7015AB4628A51B4800FC2754 /* Main.storyboard in Resources */ = {isa = PBXBuildFile; fileRef = 7015AB4428A51B4800FC2754 /* Main.storyboard */; };
		7015AB4828A51B4900FC2754 /* Assets.xcassets in Resources */ = {isa = PBXBuildFile; fileRef = 7015AB4728A51B4900FC2754 /* Assets.xcassets */; };
		7015AB4B28A51B4900FC2754 /* LaunchScreen.storyboard in Resources */ = {isa = PBXBuildFile; fileRef = 7015AB4928A51B4900FC2754 /* LaunchScreen.storyboard */; };
		7015AB5D28A51F6800FC2754 /* extensions.swift in Sources */ = {isa = PBXBuildFile; fileRef = 7015AB5C28A51F6800FC2754 /* extensions.swift */; };
		7015AB6528A52B4100FC2754 /* GameViewCell.swift in Sources */ = {isa = PBXBuildFile; fileRef = 7015AB6428A52B4100FC2754 /* GameViewCell.swift */; };
		7015AB6728A52CC800FC2754 /* GameViewController.swift in Sources */ = {isa = PBXBuildFile; fileRef = 7015AB6628A52CC800FC2754 /* GameViewController.swift */; };
		708EA3F028A678EA00C7FE63 /* LineView.swift in Sources */ = {isa = PBXBuildFile; fileRef = 708EA3EF28A678EA00C7FE63 /* LineView.swift */; };
/* End PBXBuildFile section */

/* Begin PBXFileReference section */
		7015AB3B28A51B4800FC2754 /* iWordle.app */ = {isa = PBXFileReference; explicitFileType = wrapper.application; includeInIndex = 0; path = iWordle.app; sourceTree = BUILT_PRODUCTS_DIR; };
		7015AB3E28A51B4800FC2754 /* AppDelegate.swift */ = {isa = PBXFileReference; lastKnownFileType = sourcecode.swift; path = AppDelegate.swift; sourceTree = "<group>"; };
		7015AB4028A51B4800FC2754 /* SceneDelegate.swift */ = {isa = PBXFileReference; lastKnownFileType = sourcecode.swift; path = SceneDelegate.swift; sourceTree = "<group>"; };
		7015AB4228A51B4800FC2754 /* FirstViewController.swift */ = {isa = PBXFileReference; lastKnownFileType = sourcecode.swift; path = FirstViewController.swift; sourceTree = "<group>"; };
		7015AB4528A51B4800FC2754 /* Base */ = {isa = PBXFileReference; lastKnownFileType = file.storyboard; name = Base; path = Base.lproj/Main.storyboard; sourceTree = "<group>"; };
		7015AB4728A51B4900FC2754 /* Assets.xcassets */ = {isa = PBXFileReference; lastKnownFileType = folder.assetcatalog; path = Assets.xcassets; sourceTree = "<group>"; };
		7015AB4A28A51B4900FC2754 /* Base */ = {isa = PBXFileReference; lastKnownFileType = file.storyboard; name = Base; path = Base.lproj/LaunchScreen.storyboard; sourceTree = "<group>"; };
		7015AB4C28A51B4900FC2754 /* Info.plist */ = {isa = PBXFileReference; lastKnownFileType = text.plist.xml; path = Info.plist; sourceTree = "<group>"; };
		7015AB5C28A51F6800FC2754 /* extensions.swift */ = {isa = PBXFileReference; lastKnownFileType = sourcecode.swift; path = extensions.swift; sourceTree = "<group>"; };
		7015AB6428A52B4100FC2754 /* GameViewCell.swift */ = {isa = PBXFileReference; lastKnownFileType = sourcecode.swift; path = GameViewCell.swift; sourceTree = "<group>"; };
		7015AB6628A52CC800FC2754 /* GameViewController.swift */ = {isa = PBXFileReference; lastKnownFileType = sourcecode.swift; path = GameViewController.swift; sourceTree = "<group>"; };
		708EA3EF28A678EA00C7FE63 /* LineView.swift */ = {isa = PBXFileReference; lastKnownFileType = sourcecode.swift; path = LineView.swift; sourceTree = "<group>"; };
/* End PBXFileReference section */

/* Begin PBXFrameworksBuildPhase section */
		7015AB3828A51B4800FC2754 /* Frameworks */ = {
			isa = PBXFrameworksBuildPhase;
			buildActionMask = 2147483647;
			files = (
			);
			runOnlyForDeploymentPostprocessing = 0;
		};
/* End PBXFrameworksBuildPhase section */

/* Begin PBXGroup section */
		7015AB3228A51B4800FC2754 = {
			isa = PBXGroup;
			children = (
				7015AB3D28A51B4800FC2754 /* iWordle */,
				7015AB3C28A51B4800FC2754 /* Products */,
			);
			sourceTree = "<group>";
		};
		7015AB3C28A51B4800FC2754 /* Products */ = {
			isa = PBXGroup;
			children = (
				7015AB3B28A51B4800FC2754 /* iWordle.app */,
			);
			name = Products;
			sourceTree = "<group>";
		};
		7015AB3D28A51B4800FC2754 /* iWordle */ = {
			isa = PBXGroup;
			children = (
				7015AB3E28A51B4800FC2754 /* AppDelegate.swift */,
				7015AB4028A51B4800FC2754 /* SceneDelegate.swift */,
				7015AB5228A51C4F00FC2754 /* View */,
				7015AB5428A51C5B00FC2754 /* Interactor */,
				7015AB5528A51C7400FC2754 /* Presenter */,
				7015AB5328A51C5500FC2754 /* Entity */,
				7015AB5628A51C7B00FC2754 /* Router */,
				7015AB4428A51B4800FC2754 /* Main.storyboard */,
				7015AB4728A51B4900FC2754 /* Assets.xcassets */,
				7015AB4928A51B4900FC2754 /* LaunchScreen.storyboard */,
				7015AB4C28A51B4900FC2754 /* Info.plist */,
			);
			path = iWordle;
			sourceTree = "<group>";
		};
		7015AB5228A51C4F00FC2754 /* View */ = {
			isa = PBXGroup;
			children = (
				7015AB6428A52B4100FC2754 /* GameViewCell.swift */,
				708EA3EF28A678EA00C7FE63 /* LineView.swift */,
			);
			path = View;
			sourceTree = "<group>";
		};
		7015AB5328A51C5500FC2754 /* Entity */ = {
			isa = PBXGroup;
			children = (
				7015AB5C28A51F6800FC2754 /* extensions.swift */,
			);
			path = Entity;
			sourceTree = "<group>";
		};
		7015AB5428A51C5B00FC2754 /* Interactor */ = {
			isa = PBXGroup;
			children = (
			);
			path = Interactor;
			sourceTree = "<group>";
		};
		7015AB5528A51C7400FC2754 /* Presenter */ = {
			isa = PBXGroup;
			children = (
				7015AB4228A51B4800FC2754 /* FirstViewController.swift */,
				7015AB6628A52CC800FC2754 /* GameViewController.swift */,
			);
			path = Presenter;
			sourceTree = "<group>";
		};
		7015AB5628A51C7B00FC2754 /* Router */ = {
			isa = PBXGroup;
			children = (
			);
			path = Router;
			sourceTree = "<group>";
		};
/* End PBXGroup section */

/* Begin PBXNativeTarget section */
		7015AB3A28A51B4800FC2754 /* iWordle */ = {
			isa = PBXNativeTarget;
			buildConfigurationList = 7015AB4F28A51B4900FC2754 /* Build configuration list for PBXNativeTarget "iWordle" */;
			buildPhases = (
				7015AB3728A51B4800FC2754 /* Sources */,
				7015AB3828A51B4800FC2754 /* Frameworks */,
				7015AB3928A51B4800FC2754 /* Resources */,
			);
			buildRules = (
			);
			dependencies = (
			);
			name = iWordle;
			productName = iWordle;
			productReference = 7015AB3B28A51B4800FC2754 /* iWordle.app */;
			productType = "com.apple.product-type.application";
		};
/* End PBXNativeTarget section */

/* Begin PBXProject section */
		7015AB3328A51B4800FC2754 /* Project object */ = {
			isa = PBXProject;
			attributes = {
				BuildIndependentTargetsInParallel = 1;
				LastSwiftUpdateCheck = 1340;
				LastUpgradeCheck = 1340;
				TargetAttributes = {
					7015AB3A28A51B4800FC2754 = {
						CreatedOnToolsVersion = 13.4.1;
					};
				};
			};
			buildConfigurationList = 7015AB3628A51B4800FC2754 /* Build configuration list for PBXProject "iWordle" */;
			compatibilityVersion = "Xcode 13.0";
			developmentRegion = en;
			hasScannedForEncodings = 0;
			knownRegions = (
				en,
				Base,
			);
			mainGroup = 7015AB3228A51B4800FC2754;
			productRefGroup = 7015AB3C28A51B4800FC2754 /* Products */;
			projectDirPath = "";
			projectRoot = "";
			targets = (
				7015AB3A28A51B4800FC2754 /* iWordle */,
			);
		};
/* End PBXProject section */

/* Begin PBXResourcesBuildPhase section */
		7015AB3928A51B4800FC2754 /* Resources */ = {
			isa = PBXResourcesBuildPhase;
			buildActionMask = 2147483647;
			files = (
				7015AB4B28A51B4900FC2754 /* LaunchScreen.storyboard in Resources */,
				7015AB4828A51B4900FC2754 /* Assets.xcassets in Resources */,
				7015AB4628A51B4800FC2754 /* Main.storyboard in Resources */,
			);
			runOnlyForDeploymentPostprocessing = 0;
		};
/* End PBXResourcesBuildPhase section */

/* Begin PBXSourcesBuildPhase section */
		7015AB3728A51B4800FC2754 /* Sources */ = {
			isa = PBXSourcesBuildPhase;
			buildActionMask = 2147483647;
			files = (
				7015AB4328A51B4800FC2754 /* FirstViewController.swift in Sources */,
				7015AB3F28A51B4800FC2754 /* AppDelegate.swift in Sources */,
				7015AB4128A51B4800FC2754 /* SceneDelegate.swift in Sources */,
				7015AB6528A52B4100FC2754 /* GameViewCell.swift in Sources */,
				7015AB6728A52CC800FC2754 /* GameViewController.swift in Sources */,
				708EA3F028A678EA00C7FE63 /* LineView.swift in Sources */,
				7015AB5D28A51F6800FC2754 /* extensions.swift in Sources */,
			);
			runOnlyForDeploymentPostprocessing = 0;
		};
/* End PBXSourcesBuildPhase section */

/* Begin PBXVariantGroup section */
		7015AB4428A51B4800FC2754 /* Main.storyboard */ = {
			isa = PBXVariantGroup;
			children = (
				7015AB4528A51B4800FC2754 /* Base */,
			);
			name = Main.storyboard;
			sourceTree = "<group>";
		};
		7015AB4928A51B4900FC2754 /* LaunchScreen.storyboard */ = {
			isa = PBXVariantGroup;
			children = (
				7015AB4A28A51B4900FC2754 /* Base */,
			);
			name = LaunchScreen.storyboard;
			sourceTree = "<group>";
		};
/* End PBXVariantGroup section */

/* Begin XCBuildConfiguration section */
		7015AB4D28A51B4900FC2754 /* Debug */ = {
			isa = XCBuildConfiguration;
			buildSettings = {
				ALWAYS_SEARCH_USER_PATHS = NO;
				CLANG_ANALYZER_NONNULL = YES;
				CLANG_ANALYZER_NUMBER_OBJECT_CONVERSION = YES_AGGRESSIVE;
				CLANG_CXX_LANGUAGE_STANDARD = "gnu++17";
				CLANG_ENABLE_MODULES = YES;
				CLANG_ENABLE_OBJC_ARC = YES;
				CLANG_ENABLE_OBJC_WEAK = YES;
				CLANG_WARN_BLOCK_CAPTURE_AUTORELEASING = YES;
				CLANG_WARN_BOOL_CONVERSION = YES;
				CLANG_WARN_COMMA = YES;
				CLANG_WARN_CONSTANT_CONVERSION = YES;
				CLANG_WARN_DEPRECATED_OBJC_IMPLEMENTATIONS = YES;
				CLANG_WARN_DIRECT_OBJC_ISA_USAGE = YES_ERROR;
				CLANG_WARN_DOCUMENTATION_COMMENTS = YES;
				CLANG_WARN_EMPTY_BODY = YES;
				CLANG_WARN_ENUM_CONVERSION = YES;
				CLANG_WARN_INFINITE_RECURSION = YES;
				CLANG_WARN_INT_CONVERSION = YES;
				CLANG_WARN_NON_LITERAL_NULL_CONVERSION = YES;
				CLANG_WARN_OBJC_IMPLICIT_RETAIN_SELF = YES;
				CLANG_WARN_OBJC_LITERAL_CONVERSION = YES;
				CLANG_WARN_OBJC_ROOT_CLASS = YES_ERROR;
				CLANG_WARN_QUOTED_INCLUDE_IN_FRAMEWORK_HEADER = YES;
				CLANG_WARN_RANGE_LOOP_ANALYSIS = YES;
				CLANG_WARN_STRICT_PROTOTYPES = YES;
				CLANG_WARN_SUSPICIOUS_MOVE = YES;
				CLANG_WARN_UNGUARDED_AVAILABILITY = YES_AGGRESSIVE;
				CLANG_WARN_UNREACHABLE_CODE = YES;
				CLANG_WARN__DUPLICATE_METHOD_MATCH = YES;
				COPY_PHASE_STRIP = NO;
				DEBUG_INFORMATION_FORMAT = dwarf;
				ENABLE_STRICT_OBJC_MSGSEND = YES;
				ENABLE_TESTABILITY = YES;
				GCC_C_LANGUAGE_STANDARD = gnu11;
				GCC_DYNAMIC_NO_PIC = NO;
				GCC_NO_COMMON_BLOCKS = YES;
				GCC_OPTIMIZATION_LEVEL = 0;
				GCC_PREPROCESSOR_DEFINITIONS = (
					"DEBUG=1",
					"$(inherited)",
				);
				GCC_WARN_64_TO_32_BIT_CONVERSION = YES;
				GCC_WARN_ABOUT_RETURN_TYPE = YES_ERROR;
				GCC_WARN_UNDECLARED_SELECTOR = YES;
				GCC_WARN_UNINITIALIZED_AUTOS = YES_AGGRESSIVE;
				GCC_WARN_UNUSED_FUNCTION = YES;
				GCC_WARN_UNUSED_VARIABLE = YES;
				IPHONEOS_DEPLOYMENT_TARGET = 15.5;
				MTL_ENABLE_DEBUG_INFO = INCLUDE_SOURCE;
				MTL_FAST_MATH = YES;
				ONLY_ACTIVE_ARCH = YES;
				SDKROOT = iphoneos;
				SWIFT_ACTIVE_COMPILATION_CONDITIONS = DEBUG;
				SWIFT_OPTIMIZATION_LEVEL = "-Onone";
			};
			name = Debug;
		};
		7015AB4E28A51B4900FC2754 /* Release */ = {
			isa = XCBuildConfiguration;
			buildSettings = {
				ALWAYS_SEARCH_USER_PATHS = NO;
				CLANG_ANALYZER_NONNULL = YES;
				CLANG_ANALYZER_NUMBER_OBJECT_CONVERSION = YES_AGGRESSIVE;
				CLANG_CXX_LANGUAGE_STANDARD = "gnu++17";
				CLANG_ENABLE_MODULES = YES;
				CLANG_ENABLE_OBJC_ARC = YES;
				CLANG_ENABLE_OBJC_WEAK = YES;
				CLANG_WARN_BLOCK_CAPTURE_AUTORELEASING = YES;
				CLANG_WARN_BOOL_CONVERSION = YES;
				CLANG_WARN_COMMA = YES;
				CLANG_WARN_CONSTANT_CONVERSION = YES;
				CLANG_WARN_DEPRECATED_OBJC_IMPLEMENTATIONS = YES;
				CLANG_WARN_DIRECT_OBJC_ISA_USAGE = YES_ERROR;
				CLANG_WARN_DOCUMENTATION_COMMENTS = YES;
				CLANG_WARN_EMPTY_BODY = YES;
				CLANG_WARN_ENUM_CONVERSION = YES;
				CLANG_WARN_INFINITE_RECURSION = YES;
				CLANG_WARN_INT_CONVERSION = YES;
				CLANG_WARN_NON_LITERAL_NULL_CONVERSION = YES;
				CLANG_WARN_OBJC_IMPLICIT_RETAIN_SELF = YES;
				CLANG_WARN_OBJC_LITERAL_CONVERSION = YES;
				CLANG_WARN_OBJC_ROOT_CLASS = YES_ERROR;
				CLANG_WARN_QUOTED_INCLUDE_IN_FRAMEWORK_HEADER = YES;
				CLANG_WARN_RANGE_LOOP_ANALYSIS = YES;
				CLANG_WARN_STRICT_PROTOTYPES = YES;
				CLANG_WARN_SUSPICIOUS_MOVE = YES;
				CLANG_WARN_UNGUARDED_AVAILABILITY = YES_AGGRESSIVE;
				CLANG_WARN_UNREACHABLE_CODE = YES;
				CLANG_WARN__DUPLICATE_METHOD_MATCH = YES;
				COPY_PHASE_STRIP = NO;
				DEBUG_INFORMATION_FORMAT = "dwarf-with-dsym";
				ENABLE_NS_ASSERTIONS = NO;
				ENABLE_STRICT_OBJC_MSGSEND = YES;
				GCC_C_LANGUAGE_STANDARD = gnu11;
				GCC_NO_COMMON_BLOCKS = YES;
				GCC_WARN_64_TO_32_BIT_CONVERSION = YES;
				GCC_WARN_ABOUT_RETURN_TYPE = YES_ERROR;
				GCC_WARN_UNDECLARED_SELECTOR = YES;
				GCC_WARN_UNINITIALIZED_AUTOS = YES_AGGRESSIVE;
				GCC_WARN_UNUSED_FUNCTION = YES;
				GCC_WARN_UNUSED_VARIABLE = YES;
				IPHONEOS_DEPLOYMENT_TARGET = 15.5;
				MTL_ENABLE_DEBUG_INFO = NO;
				MTL_FAST_MATH = YES;
				SDKROOT = iphoneos;
				SWIFT_COMPILATION_MODE = wholemodule;
				SWIFT_OPTIMIZATION_LEVEL = "-O";
				VALIDATE_PRODUCT = YES;
			};
			name = Release;
		};
		7015AB5028A51B4900FC2754 /* Debug */ = {
			isa = XCBuildConfiguration;
			buildSettings = {
				ASSETCATALOG_COMPILER_APPICON_NAME = AppIcon;
				ASSETCATALOG_COMPILER_GLOBAL_ACCENT_COLOR_NAME = AccentColor;
				CODE_SIGN_STYLE = Automatic;
				CURRENT_PROJECT_VERSION = 1;
				DEVELOPMENT_TEAM = 67M6ZS7KS6;
				GENERATE_INFOPLIST_FILE = YES;
				INFOPLIST_FILE = iWordle/Info.plist;
				INFOPLIST_KEY_UIApplicationSupportsIndirectInputEvents = YES;
				INFOPLIST_KEY_UILaunchStoryboardName = LaunchScreen;
				INFOPLIST_KEY_UIMainStoryboardFile = Main;
				INFOPLIST_KEY_UISupportedInterfaceOrientations_iPad = "UIInterfaceOrientationPortrait UIInterfaceOrientationPortraitUpsideDown UIInterfaceOrientationLandscapeLeft UIInterfaceOrientationLandscapeRight";
				INFOPLIST_KEY_UISupportedInterfaceOrientations_iPhone = "UIInterfaceOrientationPortrait UIInterfaceOrientationLandscapeLeft UIInterfaceOrientationLandscapeRight";
				IPHONEOS_DEPLOYMENT_TARGET = 13.0;
				LD_RUNPATH_SEARCH_PATHS = (
					"$(inherited)",
					"@executable_path/Frameworks",
				);
				MARKETING_VERSION = 1.0;
				PRODUCT_BUNDLE_IDENTIFIER = Valse.iWordle;
				PRODUCT_NAME = "$(TARGET_NAME)";
				SWIFT_EMIT_LOC_STRINGS = YES;
				SWIFT_VERSION = 5.0;
				TARGETED_DEVICE_FAMILY = 1;
			};
			name = Debug;
		};
		7015AB5128A51B4900FC2754 /* Release */ = {
			isa = XCBuildConfiguration;
			buildSettings = {
				ASSETCATALOG_COMPILER_APPICON_NAME = AppIcon;
				ASSETCATALOG_COMPILER_GLOBAL_ACCENT_COLOR_NAME = AccentColor;
				CODE_SIGN_STYLE = Automatic;
				CURRENT_PROJECT_VERSION = 1;
				DEVELOPMENT_TEAM = 67M6ZS7KS6;
				GENERATE_INFOPLIST_FILE = YES;
				INFOPLIST_FILE = iWordle/Info.plist;
				INFOPLIST_KEY_UIApplicationSupportsIndirectInputEvents = YES;
				INFOPLIST_KEY_UILaunchStoryboardName = LaunchScreen;
				INFOPLIST_KEY_UIMainStoryboardFile = Main;
				INFOPLIST_KEY_UISupportedInterfaceOrientations_iPad = "UIInterfaceOrientationPortrait UIInterfaceOrientationPortraitUpsideDown UIInterfaceOrientationLandscapeLeft UIInterfaceOrientationLandscapeRight";
				INFOPLIST_KEY_UISupportedInterfaceOrientations_iPhone = "UIInterfaceOrientationPortrait UIInterfaceOrientationLandscapeLeft UIInterfaceOrientationLandscapeRight";
				IPHONEOS_DEPLOYMENT_TARGET = 13.0;
				LD_RUNPATH_SEARCH_PATHS = (
					"$(inherited)",
					"@executable_path/Frameworks",
				);
				MARKETING_VERSION = 1.0;
				PRODUCT_BUNDLE_IDENTIFIER = Valse.iWordle;
				PRODUCT_NAME = "$(TARGET_NAME)";
				SWIFT_EMIT_LOC_STRINGS = YES;
				SWIFT_VERSION = 5.0;
				TARGETED_DEVICE_FAMILY = 1;
			};
			name = Release;
		};
/* End XCBuildConfiguration section */

/* Begin XCConfigurationList section */
		7015AB3628A51B4800FC2754 /* Build configuration list for PBXProject "iWordle" */ = {
			isa = XCConfigurationList;
			buildConfigurations = (
				7015AB4D28A51B4900FC2754 /* Debug */,
				7015AB4E28A51B4900FC2754 /* Release */,
			);
			defaultConfigurationIsVisible = 0;
			defaultConfigurationName = Release;
		};
		7015AB4F28A51B4900FC2754 /* Build configuration list for PBXNativeTarget "iWordle" */ = {
			isa = XCConfigurationList;
			buildConfigurations = (
				7015AB5028A51B4900FC2754 /* Debug */,
				7015AB5128A51B4900FC2754 /* Release */,
			);
			defaultConfigurationIsVisible = 0;
			defaultConfigurationName = Release;
		};
/* End XCConfigurationList section */
	};
	rootObject = 7015AB3328A51B4800FC2754 /* Project object */;
}
